
Microsoft Visual Studio Solution File, Format Version 12.00
# Visual Studio Version 16
VisualStudioVersion = 16.0.32510.428
MinimumVisualStudioVersion = 10.0.40219.1
Project("{FAE04EC0-301F-11D3-BF4B-00C04F79EFBC}") = "ERPSystemTimologio", "ERPSystemTimologio.csproj", "{280FA9EF-87E2-4A59-AC8C-9E874BF075C7}"
EndProject
Global
	GlobalSection(SolutionConfigurationPlatforms) = preSolution
		Debug|Any CPU = Debug|Any CPU
		Release|Any CPU = Release|Any CPU
	EndGlobalSection
	GlobalSection(ProjectConfigurationPlatforms) = postSolution
		{280FA9EF-87E2-4A59-AC8C-9E874BF075C7}.Debug|Any CPU.ActiveCfg = Debug|Any CPU
		{280FA9EF-87E2-4A59-AC8C-9E874BF075C7}.Debug|Any CPU.Build.0 = Debug|Any CPU
		{280FA9EF-87E2-4A59-AC8C-9E874BF075C7}.Release|Any CPU.ActiveCfg = Release|Any CPU
		{280FA9EF-87E2-4A59-AC8C-9E874BF075C7}.Release|Any CPU.Build.0 = Release|Any CPU
	EndGlobalSection
	GlobalSection(SolutionProperties) = preSolution
		HideSolutionNode = FALSE
	EndGlobalSection
	GlobalSection(ExtensibilityGlobals) = postSolution
		SolutionGuid = {B8509053-B99E-4790-A4CD-994CDFEC95AE}
	EndGlobalSection
EndGlobal
